<Solution>
  <Folder Name="/Samples/">
    <Project Path="samples/AalSharp.Benchmarks/AalSharp.Benchmarks.csproj" />
    <Project Path="samples/AalSharp.Console/AalSharp.Console.csproj" />
  </Folder>
  <Folder Name="/Tests/">
    <Project Path="tests/AalSharp.Bars.Tests/AalSharp.Bars.Tests.csproj" />
  </Folder>
  <Project Path="src/AalSharp/AalSharp.csproj" />
  <Project Path="src/AalSharp.Amta/AalSharp.Amta.csproj" />
  <Project Path="src/AalSharp.Bars/AalSharp.Bars.csproj" />
  <Project Path="src/AalSharp.Amta4/AalSharp.Amta4.csproj" />
  <Project Path="src/AalSharp.Amta5/AalSharp.Amta5.csproj" />
</Solution>
